
Microsoft Visual Studio Solution File, Format Version 12.00
# Visual Studio Version 16
VisualStudioVersion = 16.0.30114.105
MinimumVisualStudioVersion = 10.0.40219.1
Project("{2150E333-8FDC-42A3-9474-1A3956D46DE8}") = "src", "src", "{827E0CD3-B72D-47B6-A68D-7590B98EB39B}"
EndProject
Project("{FAE04EC0-301F-11D3-BF4B-00C04F79EFBC}") = "Hanga.Core", "src\Hanga.Core\Hanga.Core.csproj", "{938D3802-58C7-4D1B-87E8-4D71EC4DA47F}"
EndProject
Project("{FAE04EC0-301F-11D3-BF4B-00C04F79EFBC}") = "Hanga.Templating", "src\Hanga.Templating\Hanga.Templating.csproj", "{7ABDF23A-1DE1-439B-9EB4-682C18E2F6AE}"
EndProject
Project("{FAE04EC0-301F-11D3-BF4B-00C04F79EFBC}") = "Hanga.Rendering", "src\Hanga.Rendering\Hanga.Rendering.csproj", "{97D894FE-7082-46B5-8935-DBAE6E1A9123}"
EndProject
Project("{FAE04EC0-301F-11D3-BF4B-00C04F79EFBC}") = "Hanga", "src\Hanga\Hanga.csproj", "{8EEC11DB-AB00-4B81-9AAF-7F3139AE383B}"
EndProject
Project("{2150E333-8FDC-42A3-9474-1A3956D46DE8}") = "tests", "tests", "{0AB3BF05-4346-4AA6-1389-037BE0695223}"
EndProject
Project("{FAE04EC0-301F-11D3-BF4B-00C04F79EFBC}") = "Hanga.TestSupport", "tests\Hanga.TestSupport\Hanga.TestSupport.csproj", "{3D6A837A-1DB5-4C3E-A8E1-E7594B3ADA86}"
EndProject
Project("{FAE04EC0-301F-11D3-BF4B-00C04F79EFBC}") = "Hanga.Core.Tests", "tests\Hanga.Core.Tests\Hanga.Core.Tests.csproj", "{C08CFA24-9372-4EFB-B821-8F41AD82F3EE}"
EndProject
Project("{FAE04EC0-301F-11D3-BF4B-00C04F79EFBC}") = "Hanga.Templating.Tests", "tests\Hanga.Templating.Tests\Hanga.Templating.Tests.csproj", "{8F647F73-5541-4E86-B88D-7C7305C64127}"
EndProject
Project("{FAE04EC0-301F-11D3-BF4B-00C04F79EFBC}") = "Hanga.Rendering.Tests", "tests\Hanga.Rendering.Tests\Hanga.Rendering.Tests.csproj", "{33E62AFC-A732-4304-BAF3-A7F034C75F81}"
EndProject
Project("{FAE04EC0-301F-11D3-BF4B-00C04F79EFBC}") = "Hanga.Tests", "tests\Hanga.Tests\Hanga.Tests.csproj", "{5474E010-DA10-4EB6-8513-037F80DFA076}"
EndProject
Project("{FAE04EC0-301F-11D3-BF4B-00C04F79EFBC}") = "Hanga.TestApp", "tests\Hanga.TestApp\Hanga.TestApp.csproj", "{B23AEC1B-0393-40EB-830D-DA907BD49781}"
EndProject
Project("{2150E333-8FDC-42A3-9474-1A3956D46DE8}") = "samples", "samples", "{5D20AA90-6969-D8BD-9DCD-8634F4692FDA}"
EndProject
Project("{FAE04EC0-301F-11D3-BF4B-00C04F79EFBC}") = "Hanga.Sample", "samples\Hanga.Sample\Hanga.Sample.csproj", "{1960D6E2-C06E-4B10-9F12-2DC2489371D1}"
EndProject
Project("{2150E333-8FDC-42A3-9474-1A3956D46DE8}") = "tools", "tools", "{07C2787E-EAC7-C090-1BA3-A61EC2A24D84}"
EndProject
Project("{FAE04EC0-301F-11D3-BF4B-00C04F79EFBC}") = "Hanga.ChromiumCheck", "tools\Hanga.ChromiumCheck\Hanga.ChromiumCheck.csproj", "{0D18EC2E-3C99-45F1-8BB4-88616B848210}"
EndProject
Global
	GlobalSection(SolutionConfigurationPlatforms) = preSolution
		Debug|Any CPU = Debug|Any CPU
		Debug|x64 = Debug|x64
		Debug|x86 = Debug|x86
		Release|Any CPU = Release|Any CPU
		Release|x64 = Release|x64
		Release|x86 = Release|x86
	EndGlobalSection
	GlobalSection(ProjectConfigurationPlatforms) = postSolution
		{938D3802-58C7-4D1B-87E8-4D71EC4DA47F}.Debug|Any CPU.ActiveCfg = Debug|Any CPU
		{938D3802-58C7-4D1B-87E8-4D71EC4DA47F}.Debug|Any CPU.Build.0 = Debug|Any CPU
		{938D3802-58C7-4D1B-87E8-4D71EC4DA47F}.Debug|x64.ActiveCfg = Debug|Any CPU
		{938D3802-58C7-4D1B-87E8-4D71EC4DA47F}.Debug|x64.Build.0 = Debug|Any CPU
		{938D3802-58C7-4D1B-87E8-4D71EC4DA47F}.Debug|x86.ActiveCfg = Debug|Any CPU
		{938D3802-58C7-4D1B-87E8-4D71EC4DA47F}.Debug|x86.Build.0 = Debug|Any CPU
		{938D3802-58C7-4D1B-87E8-4D71EC4DA47F}.Release|Any CPU.ActiveCfg = Release|Any CPU
		{938D3802-58C7-4D1B-87E8-4D71EC4DA47F}.Release|Any CPU.Build.0 = Release|Any CPU
		{938D3802-58C7-4D1B-87E8-4D71EC4DA47F}.Release|x64.ActiveCfg = Release|Any CPU
		{938D3802-58C7-4D1B-87E8-4D71EC4DA47F}.Release|x64.Build.0 = Release|Any CPU
		{938D3802-58C7-4D1B-87E8-4D71EC4DA47F}.Release|x86.ActiveCfg = Release|Any CPU
		{938D3802-58C7-4D1B-87E8-4D71EC4DA47F}.Release|x86.Build.0 = Release|Any CPU
		{7ABDF23A-1DE1-439B-9EB4-682C18E2F6AE}.Debug|Any CPU.ActiveCfg = Debug|Any CPU
		{7ABDF23A-1DE1-439B-9EB4-682C18E2F6AE}.Debug|Any CPU.Build.0 = Debug|Any CPU
		{7ABDF23A-1DE1-439B-9EB4-682C18E2F6AE}.Debug|x64.ActiveCfg = Debug|Any CPU
		{7ABDF23A-1DE1-439B-9EB4-682C18E2F6AE}.Debug|x64.Build.0 = Debug|Any CPU
		{7ABDF23A-1DE1-439B-9EB4-682C18E2F6AE}.Debug|x86.ActiveCfg = Debug|Any CPU
		{7ABDF23A-1DE1-439B-9EB4-682C18E2F6AE}.Debug|x86.Build.0 = Debug|Any CPU
		{7ABDF23A-1DE1-439B-9EB4-682C18E2F6AE}.Release|Any CPU.ActiveCfg = Release|Any CPU
		{7ABDF23A-1DE1-439B-9EB4-682C18E2F6AE}.Release|Any CPU.Build.0 = Release|Any CPU
		{7ABDF23A-1DE1-439B-9EB4-682C18E2F6AE}.Release|x64.ActiveCfg = Release|Any CPU
		{7ABDF23A-1DE1-439B-9EB4-682C18E2F6AE}.Release|x64.Build.0 = Release|Any CPU
		{7ABDF23A-1DE1-439B-9EB4-682C18E2F6AE}.Release|x86.ActiveCfg = Release|Any CPU
		{7ABDF23A-1DE1-439B-9EB4-682C18E2F6AE}.Release|x86.Build.0 = Release|Any CPU
		{97D894FE-7082-46B5-8935-DBAE6E1A9123}.Debug|Any CPU.ActiveCfg = Debug|Any CPU
		{97D894FE-7082-46B5-8935-DBAE6E1A9123}.Debug|Any CPU.Build.0 = Debug|Any CPU
		{97D894FE-7082-46B5-8935-DBAE6E1A9123}.Debug|x64.ActiveCfg = Debug|Any CPU
		{97D894FE-7082-46B5-8935-DBAE6E1A9123}.Debug|x64.Build.0 = Debug|Any CPU
		{97D894FE-7082-46B5-8935-DBAE6E1A9123}.Debug|x86.ActiveCfg = Debug|Any CPU
		{97D894FE-7082-46B5-8935-DBAE6E1A9123}.Debug|x86.Build.0 = Debug|Any CPU
		{97D894FE-7082-46B5-8935-DBAE6E1A9123}.Release|Any CPU.ActiveCfg = Release|Any CPU
		{97D894FE-7082-46B5-8935-DBAE6E1A9123}.Release|Any CPU.Build.0 = Release|Any CPU
		{97D894FE-7082-46B5-8935-DBAE6E1A9123}.Release|x64.ActiveCfg = Release|Any CPU
		{97D894FE-7082-46B5-8935-DBAE6E1A9123}.Release|x64.Build.0 = Release|Any CPU
		{97D894FE-7082-46B5-8935-DBAE6E1A9123}.Release|x86.ActiveCfg = Release|Any CPU
		{97D894FE-7082-46B5-8935-DBAE6E1A9123}.Release|x86.Build.0 = Release|Any CPU
		{8EEC11DB-AB00-4B81-9AAF-7F3139AE383B}.Debug|Any CPU.ActiveCfg = Debug|Any CPU
		{8EEC11DB-AB00-4B81-9AAF-7F3139AE383B}.Debug|Any CPU.Build.0 = Debug|Any CPU
		{8EEC11DB-AB00-4B81-9AAF-7F3139AE383B}.Debug|x64.ActiveCfg = Debug|Any CPU
		{8EEC11DB-AB00-4B81-9AAF-7F3139AE383B}.Debug|x64.Build.0 = Debug|Any CPU
		{8EEC11DB-AB00-4B81-9AAF-7F3139AE383B}.Debug|x86.ActiveCfg = Debug|Any CPU
		{8EEC11DB-AB00-4B81-9AAF-7F3139AE383B}.Debug|x86.Build.0 = Debug|Any CPU
		{8EEC11DB-AB00-4B81-9AAF-7F3139AE383B}.Release|Any CPU.ActiveCfg = Release|Any CPU
		{8EEC11DB-AB00-4B81-9AAF-7F3139AE383B}.Release|Any CPU.Build.0 = Release|Any CPU
		{8EEC11DB-AB00-4B81-9AAF-7F3139AE383B}.Release|x64.ActiveCfg = Release|Any CPU
		{8EEC11DB-AB00-4B81-9AAF-7F3139AE383B}.Release|x64.Build.0 = Release|Any CPU
		{8EEC11DB-AB00-4B81-9AAF-7F3139AE383B}.Release|x86.ActiveCfg = Release|Any CPU
		{8EEC11DB-AB00-4B81-9AAF-7F3139AE383B}.Release|x86.Build.0 = Release|Any CPU
		{3D6A837A-1DB5-4C3E-A8E1-E7594B3ADA86}.Debug|Any CPU.ActiveCfg = Debug|Any CPU
		{3D6A837A-1DB5-4C3E-A8E1-E7594B3ADA86}.Debug|Any CPU.Build.0 = Debug|Any CPU
		{3D6A837A-1DB5-4C3E-A8E1-E7594B3ADA86}.Debug|x64.ActiveCfg = Debug|Any CPU
		{3D6A837A-1DB5-4C3E-A8E1-E7594B3ADA86}.Debug|x64.Build.0 = Debug|Any CPU
		{3D6A837A-1DB5-4C3E-A8E1-E7594B3ADA86}.Debug|x86.ActiveCfg = Debug|Any CPU
		{3D6A837A-1DB5-4C3E-A8E1-E7594B3ADA86}.Debug|x86.Build.0 = Debug|Any CPU
		{3D6A837A-1DB5-4C3E-A8E1-E7594B3ADA86}.Release|Any CPU.ActiveCfg = Release|Any CPU
		{3D6A837A-1DB5-4C3E-A8E1-E7594B3ADA86}.Release|Any CPU.Build.0 = Release|Any CPU
		{3D6A837A-1DB5-4C3E-A8E1-E7594B3ADA86}.Release|x64.ActiveCfg = Release|Any CPU
		{3D6A837A-1DB5-4C3E-A8E1-E7594B3ADA86}.Release|x64.Build.0 = Release|Any CPU
		{3D6A837A-1DB5-4C3E-A8E1-E7594B3ADA86}.Release|x86.ActiveCfg = Release|Any CPU
		{3D6A837A-1DB5-4C3E-A8E1-E7594B3ADA86}.Release|x86.Build.0 = Release|Any CPU
		{C08CFA24-9372-4EFB-B821-8F41AD82F3EE}.Debug|Any CPU.ActiveCfg = Debug|Any CPU
		{C08CFA24-9372-4EFB-B821-8F41AD82F3EE}.Debug|Any CPU.Build.0 = Debug|Any CPU
		{C08CFA24-9372-4EFB-B821-8F41AD82F3EE}.Debug|x64.ActiveCfg = Debug|Any CPU
		{C08CFA24-9372-4EFB-B821-8F41AD82F3EE}.Debug|x64.Build.0 = Debug|Any CPU
		{C08CFA24-9372-4EFB-B821-8F41AD82F3EE}.Debug|x86.ActiveCfg = Debug|Any CPU
		{C08CFA24-9372-4EFB-B821-8F41AD82F3EE}.Debug|x86.Build.0 = Debug|Any CPU
		{C08CFA24-9372-4EFB-B821-8F41AD82F3EE}.Release|Any CPU.ActiveCfg = Release|Any CPU
		{C08CFA24-9372-4EFB-B821-8F41AD82F3EE}.Release|Any CPU.Build.0 = Release|Any CPU
		{C08CFA24-9372-4EFB-B821-8F41AD82F3EE}.Release|x64.ActiveCfg = Release|Any CPU
		{C08CFA24-9372-4EFB-B821-8F41AD82F3EE}.Release|x64.Build.0 = Release|Any CPU
		{C08CFA24-9372-4EFB-B821-8F41AD82F3EE}.Release|x86.ActiveCfg = Release|Any CPU
		{C08CFA24-9372-4EFB-B821-8F41AD82F3EE}.Release|x86.Build.0 = Release|Any CPU
		{8F647F73-5541-4E86-B88D-7C7305C64127}.Debug|Any CPU.ActiveCfg = Debug|Any CPU
		{8F647F73-5541-4E86-B88D-7C7305C64127}.Debug|Any CPU.Build.0 = Debug|Any CPU
		{8F647F73-5541-4E86-B88D-7C7305C64127}.Debug|x64.ActiveCfg = Debug|Any CPU
		{8F647F73-5541-4E86-B88D-7C7305C64127}.Debug|x64.Build.0 = Debug|Any CPU
		{8F647F73-5541-4E86-B88D-7C7305C64127}.Debug|x86.ActiveCfg = Debug|Any CPU
		{8F647F73-5541-4E86-B88D-7C7305C64127}.Debug|x86.Build.0 = Debug|Any CPU
		{8F647F73-5541-4E86-B88D-7C7305C64127}.Release|Any CPU.ActiveCfg = Release|Any CPU
		{8F647F73-5541-4E86-B88D-7C7305C64127}.Release|Any CPU.Build.0 = Release|Any CPU
		{8F647F73-5541-4E86-B88D-7C7305C64127}.Release|x64.ActiveCfg = Release|Any CPU
		{8F647F73-5541-4E86-B88D-7C7305C64127}.Release|x64.Build.0 = Release|Any CPU
		{8F647F73-5541-4E86-B88D-7C7305C64127}.Release|x86.ActiveCfg = Release|Any CPU
		{8F647F73-5541-4E86-B88D-7C7305C64127}.Release|x86.Build.0 = Release|Any CPU
		{33E62AFC-A732-4304-BAF3-A7F034C75F81}.Debug|Any CPU.ActiveCfg = Debug|Any CPU
		{33E62AFC-A732-4304-BAF3-A7F034C75F81}.Debug|Any CPU.Build.0 = Debug|Any CPU
		{33E62AFC-A732-4304-BAF3-A7F034C75F81}.Debug|x64.ActiveCfg = Debug|Any CPU
		{33E62AFC-A732-4304-BAF3-A7F034C75F81}.Debug|x64.Build.0 = Debug|Any CPU
		{33E62AFC-A732-4304-BAF3-A7F034C75F81}.Debug|x86.ActiveCfg = Debug|Any CPU
		{33E62AFC-A732-4304-BAF3-A7F034C75F81}.Debug|x86.Build.0 = Debug|Any CPU
		{33E62AFC-A732-4304-BAF3-A7F034C75F81}.Release|Any CPU.ActiveCfg = Release|Any CPU
		{33E62AFC-A732-4304-BAF3-A7F034C75F81}.Release|Any CPU.Build.0 = Release|Any CPU
		{33E62AFC-A732-4304-BAF3-A7F034C75F81}.Release|x64.ActiveCfg = Release|Any CPU
		{33E62AFC-A732-4304-BAF3-A7F034C75F81}.Release|x64.Build.0 = Release|Any CPU
		{33E62AFC-A732-4304-BAF3-A7F034C75F81}.Release|x86.ActiveCfg = Release|Any CPU
		{33E62AFC-A732-4304-BAF3-A7F034C75F81}.Release|x86.Build.0 = Release|Any CPU
		{5474E010-DA10-4EB6-8513-037F80DFA076}.Debug|Any CPU.ActiveCfg = Debug|Any CPU
		{5474E010-DA10-4EB6-8513-037F80DFA076}.Debug|Any CPU.Build.0 = Debug|Any CPU
		{5474E010-DA10-4EB6-8513-037F80DFA076}.Debug|x64.ActiveCfg = Debug|Any CPU
		{5474E010-DA10-4EB6-8513-037F80DFA076}.Debug|x64.Build.0 = Debug|Any CPU
		{5474E010-DA10-4EB6-8513-037F80DFA076}.Debug|x86.ActiveCfg = Debug|Any CPU
		{5474E010-DA10-4EB6-8513-037F80DFA076}.Debug|x86.Build.0 = Debug|Any CPU
		{5474E010-DA10-4EB6-8513-037F80DFA076}.Release|Any CPU.ActiveCfg = Release|Any CPU
		{5474E010-DA10-4EB6-8513-037F80DFA076}.Release|Any CPU.Build.0 = Release|Any CPU
		{5474E010-DA10-4EB6-8513-037F80DFA076}.Release|x64.ActiveCfg = Release|Any CPU
		{5474E010-DA10-4EB6-8513-037F80DFA076}.Release|x64.Build.0 = Release|Any CPU
		{5474E010-DA10-4EB6-8513-037F80DFA076}.Release|x86.ActiveCfg = Release|Any CPU
		{5474E010-DA10-4EB6-8513-037F80DFA076}.Release|x86.Build.0 = Release|Any CPU
		{B23AEC1B-0393-40EB-830D-DA907BD49781}.Debug|Any CPU.ActiveCfg = Debug|Any CPU
		{B23AEC1B-0393-40EB-830D-DA907BD49781}.Debug|Any CPU.Build.0 = Debug|Any CPU
		{B23AEC1B-0393-40EB-830D-DA907BD49781}.Debug|x64.ActiveCfg = Debug|Any CPU
		{B23AEC1B-0393-40EB-830D-DA907BD49781}.Debug|x64.Build.0 = Debug|Any CPU
		{B23AEC1B-0393-40EB-830D-DA907BD49781}.Debug|x86.ActiveCfg = Debug|Any CPU
		{B23AEC1B-0393-40EB-830D-DA907BD49781}.Debug|x86.Build.0 = Debug|Any CPU
		{B23AEC1B-0393-40EB-830D-DA907BD49781}.Release|Any CPU.ActiveCfg = Release|Any CPU
		{B23AEC1B-0393-40EB-830D-DA907BD49781}.Release|Any CPU.Build.0 = Release|Any CPU
		{B23AEC1B-0393-40EB-830D-DA907BD49781}.Release|x64.ActiveCfg = Release|Any CPU
		{B23AEC1B-0393-40EB-830D-DA907BD49781}.Release|x64.Build.0 = Release|Any CPU
		{B23AEC1B-0393-40EB-830D-DA907BD49781}.Release|x86.ActiveCfg = Release|Any CPU
		{B23AEC1B-0393-40EB-830D-DA907BD49781}.Release|x86.Build.0 = Release|Any CPU
		{1960D6E2-C06E-4B10-9F12-2DC2489371D1}.Debug|Any CPU.ActiveCfg = Debug|Any CPU
		{1960D6E2-C06E-4B10-9F12-2DC2489371D1}.Debug|Any CPU.Build.0 = Debug|Any CPU
		{1960D6E2-C06E-4B10-9F12-2DC2489371D1}.Debug|x64.ActiveCfg = Debug|Any CPU
		{1960D6E2-C06E-4B10-9F12-2DC2489371D1}.Debug|x64.Build.0 = Debug|Any CPU
		{1960D6E2-C06E-4B10-9F12-2DC2489371D1}.Debug|x86.ActiveCfg = Debug|Any CPU
		{1960D6E2-C06E-4B10-9F12-2DC2489371D1}.Debug|x86.Build.0 = Debug|Any CPU
		{1960D6E2-C06E-4B10-9F12-2DC2489371D1}.Release|Any CPU.ActiveCfg = Release|Any CPU
		{1960D6E2-C06E-4B10-9F12-2DC2489371D1}.Release|Any CPU.Build.0 = Release|Any CPU
		{1960D6E2-C06E-4B10-9F12-2DC2489371D1}.Release|x64.ActiveCfg = Release|Any CPU
		{1960D6E2-C06E-4B10-9F12-2DC2489371D1}.Release|x64.Build.0 = Release|Any CPU
		{1960D6E2-C06E-4B10-9F12-2DC2489371D1}.Release|x86.ActiveCfg = Release|Any CPU
		{1960D6E2-C06E-4B10-9F12-2DC2489371D1}.Release|x86.Build.0 = Release|Any CPU
		{0D18EC2E-3C99-45F1-8BB4-88616B848210}.Debug|Any CPU.ActiveCfg = Debug|Any CPU
		{0D18EC2E-3C99-45F1-8BB4-88616B848210}.Debug|Any CPU.Build.0 = Debug|Any CPU
		{0D18EC2E-3C99-45F1-8BB4-88616B848210}.Debug|x64.ActiveCfg = Debug|Any CPU
		{0D18EC2E-3C99-45F1-8BB4-88616B848210}.Debug|x64.Build.0 = Debug|Any CPU
		{0D18EC2E-3C99-45F1-8BB4-88616B848210}.Debug|x86.ActiveCfg = Debug|Any CPU
		{0D18EC2E-3C99-45F1-8BB4-88616B848210}.Debug|x86.Build.0 = Debug|Any CPU
		{0D18EC2E-3C99-45F1-8BB4-88616B848210}.Release|Any CPU.ActiveCfg = Release|Any CPU
		{0D18EC2E-3C99-45F1-8BB4-88616B848210}.Release|Any CPU.Build.0 = Release|Any CPU
		{0D18EC2E-3C99-45F1-8BB4-88616B848210}.Release|x64.ActiveCfg = Release|Any CPU
		{0D18EC2E-3C99-45F1-8BB4-88616B848210}.Release|x64.Build.0 = Release|Any CPU
		{0D18EC2E-3C99-45F1-8BB4-88616B848210}.Release|x86.ActiveCfg = Release|Any CPU
		{0D18EC2E-3C99-45F1-8BB4-88616B848210}.Release|x86.Build.0 = Release|Any CPU
	EndGlobalSection
	GlobalSection(SolutionProperties) = preSolution
		HideSolutionNode = FALSE
	EndGlobalSection
	GlobalSection(NestedProjects) = preSolution
		{938D3802-58C7-4D1B-87E8-4D71EC4DA47F} = {827E0CD3-B72D-47B6-A68D-7590B98EB39B}
		{7ABDF23A-1DE1-439B-9EB4-682C18E2F6AE} = {827E0CD3-B72D-47B6-A68D-7590B98EB39B}
		{97D894FE-7082-46B5-8935-DBAE6E1A9123} = {827E0CD3-B72D-47B6-A68D-7590B98EB39B}
		{8EEC11DB-AB00-4B81-9AAF-7F3139AE383B} = {827E0CD3-B72D-47B6-A68D-7590B98EB39B}
		{3D6A837A-1DB5-4C3E-A8E1-E7594B3ADA86} = {0AB3BF05-4346-4AA6-1389-037BE0695223}
		{C08CFA24-9372-4EFB-B821-8F41AD82F3EE} = {0AB3BF05-4346-4AA6-1389-037BE0695223}
		{8F647F73-5541-4E86-B88D-7C7305C64127} = {0AB3BF05-4346-4AA6-1389-037BE0695223}
		{33E62AFC-A732-4304-BAF3-A7F034C75F81} = {0AB3BF05-4346-4AA6-1389-037BE0695223}
		{5474E010-DA10-4EB6-8513-037F80DFA076} = {0AB3BF05-4346-4AA6-1389-037BE0695223}
		{B23AEC1B-0393-40EB-830D-DA907BD49781} = {0AB3BF05-4346-4AA6-1389-037BE0695223}
		{1960D6E2-C06E-4B10-9F12-2DC2489371D1} = {5D20AA90-6969-D8BD-9DCD-8634F4692FDA}
		{0D18EC2E-3C99-45F1-8BB4-88616B848210} = {07C2787E-EAC7-C090-1BA3-A61EC2A24D84}
	EndGlobalSection
EndGlobal
